
Microsoft Visual Studio Solution File, Format Version 12.00
# Visual Studio Version 16
VisualStudioVersion = 16.0.28803.452
MinimumVisualStudioVersion = 10.0.40219.1
Project("{9A19103F-16F7-4668-BE54-9A1E7A4F7556}") = "QuickBuy.Dominio", "QuickBuy.Dominio\QuickBuy.Dominio.csproj", "{F51B3996-D313-4FC3-A4E9-7F4B33833043}"
EndProject
Project("{9A19103F-16F7-4668-BE54-9A1E7A4F7556}") = "QuickBuy.Repositorio", "QuickBuy.Repositorio\QuickBuy.Repositorio.csproj", "{68557AB8-9F7E-4E0F-ADD4-F3CDBB0E08F6}"
EndProject
Project("{FAE04EC0-301F-11D3-BF4B-00C04F79EFBC}") = "QuickBuy.Web", "QuickBuy.Web\QuickBuy.Web.csproj", "{2B564430-42C6-407F-BE55-6713FB401433}"
EndProject
Global
	GlobalSection(SolutionConfigurationPlatforms) = preSolution
		Debug|Any CPU = Debug|Any CPU
		Release|Any CPU = Release|Any CPU
	EndGlobalSection
	GlobalSection(ProjectConfigurationPlatforms) = postSolution
		{F51B3996-D313-4FC3-A4E9-7F4B33833043}.Debug|Any CPU.ActiveCfg = Debug|Any CPU
		{F51B3996-D313-4FC3-A4E9-7F4B33833043}.Debug|Any CPU.Build.0 = Debug|Any CPU
		{F51B3996-D313-4FC3-A4E9-7F4B33833043}.Release|Any CPU.ActiveCfg = Release|Any CPU
		{F51B3996-D313-4FC3-A4E9-7F4B33833043}.Release|Any CPU.Build.0 = Release|Any CPU
		{68557AB8-9F7E-4E0F-ADD4-F3CDBB0E08F6}.Debug|Any CPU.ActiveCfg = Debug|Any CPU
		{68557AB8-9F7E-4E0F-ADD4-F3CDBB0E08F6}.Debug|Any CPU.Build.0 = Debug|Any CPU
		{68557AB8-9F7E-4E0F-ADD4-F3CDBB0E08F6}.Release|Any CPU.ActiveCfg = Release|Any CPU
		{68557AB8-9F7E-4E0F-ADD4-F3CDBB0E08F6}.Release|Any CPU.Build.0 = Release|Any CPU
		{2B564430-42C6-407F-BE55-6713FB401433}.Debug|Any CPU.ActiveCfg = Debug|Any CPU
		{2B564430-42C6-407F-BE55-6713FB401433}.Debug|Any CPU.Build.0 = Debug|Any CPU
		{2B564430-42C6-407F-BE55-6713FB401433}.Release|Any CPU.ActiveCfg = Release|Any CPU
		{2B564430-42C6-407F-BE55-6713FB401433}.Release|Any CPU.Build.0 = Release|Any CPU
	EndGlobalSection
	GlobalSection(SolutionProperties) = preSolution
		HideSolutionNode = FALSE
	EndGlobalSection
	GlobalSection(ExtensibilityGlobals) = postSolution
		SolutionGuid = {81F23374-546C-46CD-A068-19A7D7C3886E}
	EndGlobalSection
EndGlobal
